
Microsoft Visual Studio Solution File, Format Version 12.00
# Visual Studio 15
VisualStudioVersion = 15.0.27428.2043
MinimumVisualStudioVersion = 10.0.40219.1
Project("{FAE04EC0-301F-11D3-BF4B-00C04F79EFBC}") = "StoreUserApp.Android", "StoreUserApp\StoreUserApp.Android\StoreUserApp.Android.csproj", "{E19271A1-306B-48BA-BB43-96900A8B25C1}"
EndProject
Project("{FAE04EC0-301F-11D3-BF4B-00C04F79EFBC}") = "StoreUserApp.iOS", "StoreUserApp\StoreUserApp.iOS\StoreUserApp.iOS.csproj", "{3879E6D0-C021-44C4-885E-4F166924003C}"
EndProject
Project("{FAE04EC0-301F-11D3-BF4B-00C04F79EFBC}") = "StoreUserApp", "StoreUserApp\StoreUserApp\StoreUserApp.csproj", "{BEA63887-69D4-4F24-9CB5-9A01875EA7B8}"
EndProject
Global
	GlobalSection(SolutionConfigurationPlatforms) = preSolution
		Ad-Hoc|Any CPU = Ad-Hoc|Any CPU
		Ad-Hoc|iPhone = Ad-Hoc|iPhone
		Ad-Hoc|iPhoneSimulator = Ad-Hoc|iPhoneSimulator
		AppStore|Any CPU = AppStore|Any CPU
		AppStore|iPhone = AppStore|iPhone
		AppStore|iPhoneSimulator = AppStore|iPhoneSimulator
		Debug|Any CPU = Debug|Any CPU
		Debug|iPhone = Debug|iPhone
		Debug|iPhoneSimulator = Debug|iPhoneSimulator
		Release|Any CPU = Release|Any CPU
		Release|iPhone = Release|iPhone
		Release|iPhoneSimulator = Release|iPhoneSimulator
	EndGlobalSection
	GlobalSection(ProjectConfigurationPlatforms) = postSolution
		{E19271A1-306B-48BA-BB43-96900A8B25C1}.Ad-Hoc|Any CPU.ActiveCfg = Release|Any CPU
		{E19271A1-306B-48BA-BB43-96900A8B25C1}.Ad-Hoc|Any CPU.Build.0 = Release|Any CPU
		{E19271A1-306B-48BA-BB43-96900A8B25C1}.Ad-Hoc|Any CPU.Deploy.0 = Release|Any CPU
		{E19271A1-306B-48BA-BB43-96900A8B25C1}.Ad-Hoc|iPhone.ActiveCfg = Release|Any CPU
		{E19271A1-306B-48BA-BB43-96900A8B25C1}.Ad-Hoc|iPhone.Build.0 = Release|Any CPU
		{E19271A1-306B-48BA-BB43-96900A8B25C1}.Ad-Hoc|iPhone.Deploy.0 = Release|Any CPU
		{E19271A1-306B-48BA-BB43-96900A8B25C1}.Ad-Hoc|iPhoneSimulator.ActiveCfg = Release|Any CPU
		{E19271A1-306B-48BA-BB43-96900A8B25C1}.Ad-Hoc|iPhoneSimulator.Build.0 = Release|Any CPU
		{E19271A1-306B-48BA-BB43-96900A8B25C1}.Ad-Hoc|iPhoneSimulator.Deploy.0 = Release|Any CPU
		{E19271A1-306B-48BA-BB43-96900A8B25C1}.AppStore|Any CPU.ActiveCfg = Release|Any CPU
		{E19271A1-306B-48BA-BB43-96900A8B25C1}.AppStore|Any CPU.Build.0 = Release|Any CPU
		{E19271A1-306B-48BA-BB43-96900A8B25C1}.AppStore|Any CPU.Deploy.0 = Release|Any CPU
		{E19271A1-306B-48BA-BB43-96900A8B25C1}.AppStore|iPhone.ActiveCfg = Release|Any CPU
		{E19271A1-306B-48BA-BB43-96900A8B25C1}.AppStore|iPhone.Build.0 = Release|Any CPU
		{E19271A1-306B-48BA-BB43-96900A8B25C1}.AppStore|iPhone.Deploy.0 = Release|Any CPU
		{E19271A1-306B-48BA-BB43-96900A8B25C1}.AppStore|iPhoneSimulator.ActiveCfg = Release|Any CPU
		{E19271A1-306B-48BA-BB43-96900A8B25C1}.AppStore|iPhoneSimulator.Build.0 = Release|Any CPU
		{E19271A1-306B-48BA-BB43-96900A8B25C1}.AppStore|iPhoneSimulator.Deploy.0 = Release|Any CPU
		{E19271A1-306B-48BA-BB43-96900A8B25C1}.Debug|Any CPU.ActiveCfg = Debug|Any CPU
		{E19271A1-306B-48BA-BB43-96900A8B25C1}.Debug|Any CPU.Build.0 = Debug|Any CPU
		{E19271A1-306B-48BA-BB43-96900A8B25C1}.Debug|Any CPU.Deploy.0 = Debug|Any CPU
		{E19271A1-306B-48BA-BB43-96900A8B25C1}.Debug|iPhone.ActiveCfg = Debug|Any CPU
		{E19271A1-306B-48BA-BB43-96900A8B25C1}.Debug|iPhone.Build.0 = Debug|Any CPU
		{E19271A1-306B-48BA-BB43-96900A8B25C1}.Debug|iPhone.Deploy.0 = Debug|Any CPU
		{E19271A1-306B-48BA-BB43-96900A8B25C1}.Debug|iPhoneSimulator.ActiveCfg = Debug|Any CPU
		{E19271A1-306B-48BA-BB43-96900A8B25C1}.Debug|iPhoneSimulator.Build.0 = Debug|Any CPU
		{E19271A1-306B-48BA-BB43-96900A8B25C1}.Debug|iPhoneSimulator.Deploy.0 = Debug|Any CPU
		{E19271A1-306B-48BA-BB43-96900A8B25C1}.Release|Any CPU.ActiveCfg = Release|Any CPU
		{E19271A1-306B-48BA-BB43-96900A8B25C1}.Release|Any CPU.Build.0 = Release|Any CPU
		{E19271A1-306B-48BA-BB43-96900A8B25C1}.Release|Any CPU.Deploy.0 = Release|Any CPU
		{E19271A1-306B-48BA-BB43-96900A8B25C1}.Release|iPhone.ActiveCfg = Release|Any CPU
		{E19271A1-306B-48BA-BB43-96900A8B25C1}.Release|iPhone.Build.0 = Release|Any CPU
		{E19271A1-306B-48BA-BB43-96900A8B25C1}.Release|iPhone.Deploy.0 = Release|Any CPU
		{E19271A1-306B-48BA-BB43-96900A8B25C1}.Release|iPhoneSimulator.ActiveCfg = Release|Any CPU
		{E19271A1-306B-48BA-BB43-96900A8B25C1}.Release|iPhoneSimulator.Build.0 = Release|Any CPU
		{E19271A1-306B-48BA-BB43-96900A8B25C1}.Release|iPhoneSimulator.Deploy.0 = Release|Any CPU
		{3879E6D0-C021-44C4-885E-4F166924003C}.Ad-Hoc|Any CPU.ActiveCfg = Ad-Hoc|iPhone
		{3879E6D0-C021-44C4-885E-4F166924003C}.Ad-Hoc|iPhone.ActiveCfg = Ad-Hoc|iPhone
		{3879E6D0-C021-44C4-885E-4F166924003C}.Ad-Hoc|iPhone.Build.0 = Ad-Hoc|iPhone
		{3879E6D0-C021-44C4-885E-4F166924003C}.Ad-Hoc|iPhoneSimulator.ActiveCfg = Ad-Hoc|iPhoneSimulator
		{3879E6D0-C021-44C4-885E-4F166924003C}.Ad-Hoc|iPhoneSimulator.Build.0 = Ad-Hoc|iPhoneSimulator
		{3879E6D0-C021-44C4-885E-4F166924003C}.AppStore|Any CPU.ActiveCfg = AppStore|iPhone
		{3879E6D0-C021-44C4-885E-4F166924003C}.AppStore|iPhone.ActiveCfg = AppStore|iPhone
		{3879E6D0-C021-44C4-885E-4F166924003C}.AppStore|iPhone.Build.0 = AppStore|iPhone
		{3879E6D0-C021-44C4-885E-4F166924003C}.AppStore|iPhoneSimulator.ActiveCfg = AppStore|iPhoneSimulator
		{3879E6D0-C021-44C4-885E-4F166924003C}.AppStore|iPhoneSimulator.Build.0 = AppStore|iPhoneSimulator
		{3879E6D0-C021-44C4-885E-4F166924003C}.Debug|Any CPU.ActiveCfg = Debug|iPhone
		{3879E6D0-C021-44C4-885E-4F166924003C}.Debug|iPhone.ActiveCfg = Debug|iPhone
		{3879E6D0-C021-44C4-885E-4F166924003C}.Debug|iPhone.Build.0 = Debug|iPhone
		{3879E6D0-C021-44C4-885E-4F166924003C}.Debug|iPhoneSimulator.ActiveCfg = Debug|iPhoneSimulator
		{3879E6D0-C021-44C4-885E-4F166924003C}.Debug|iPhoneSimulator.Build.0 = Debug|iPhoneSimulator
		{3879E6D0-C021-44C4-885E-4F166924003C}.Release|Any CPU.ActiveCfg = Release|iPhone
		{3879E6D0-C021-44C4-885E-4F166924003C}.Release|iPhone.ActiveCfg = Release|iPhone
		{3879E6D0-C021-44C4-885E-4F166924003C}.Release|iPhone.Build.0 = Release|iPhone
		{3879E6D0-C021-44C4-885E-4F166924003C}.Release|iPhoneSimulator.ActiveCfg = Release|iPhoneSimulator
		{3879E6D0-C021-44C4-885E-4F166924003C}.Release|iPhoneSimulator.Build.0 = Release|iPhoneSimulator
		{BEA63887-69D4-4F24-9CB5-9A01875EA7B8}.Ad-Hoc|Any CPU.ActiveCfg = Debug|Any CPU
		{BEA63887-69D4-4F24-9CB5-9A01875EA7B8}.Ad-Hoc|Any CPU.Build.0 = Debug|Any CPU
		{BEA63887-69D4-4F24-9CB5-9A01875EA7B8}.Ad-Hoc|iPhone.ActiveCfg = Debug|Any CPU
		{BEA63887-69D4-4F24-9CB5-9A01875EA7B8}.Ad-Hoc|iPhone.Build.0 = Debug|Any CPU
		{BEA63887-69D4-4F24-9CB5-9A01875EA7B8}.Ad-Hoc|iPhoneSimulator.ActiveCfg = Debug|Any CPU
		{BEA63887-69D4-4F24-9CB5-9A01875EA7B8}.Ad-Hoc|iPhoneSimulator.Build.0 = Debug|Any CPU
		{BEA63887-69D4-4F24-9CB5-9A01875EA7B8}.AppStore|Any CPU.ActiveCfg = Debug|Any CPU
		{BEA63887-69D4-4F24-9CB5-9A01875EA7B8}.AppStore|Any CPU.Build.0 = Debug|Any CPU
		{BEA63887-69D4-4F24-9CB5-9A01875EA7B8}.AppStore|iPhone.ActiveCfg = Debug|Any CPU
		{BEA63887-69D4-4F24-9CB5-9A01875EA7B8}.AppStore|iPhone.Build.0 = Debug|Any CPU
		{BEA63887-69D4-4F24-9CB5-9A01875EA7B8}.AppStore|iPhoneSimulator.ActiveCfg = Debug|Any CPU
		{BEA63887-69D4-4F24-9CB5-9A01875EA7B8}.AppStore|iPhoneSimulator.Build.0 = Debug|Any CPU
		{BEA63887-69D4-4F24-9CB5-9A01875EA7B8}.Debug|Any CPU.ActiveCfg = Debug|Any CPU
		{BEA63887-69D4-4F24-9CB5-9A01875EA7B8}.Debug|Any CPU.Build.0 = Debug|Any CPU
		{BEA63887-69D4-4F24-9CB5-9A01875EA7B8}.Debug|iPhone.ActiveCfg = Debug|Any CPU
		{BEA63887-69D4-4F24-9CB5-9A01875EA7B8}.Debug|iPhone.Build.0 = Debug|Any CPU
		{BEA63887-69D4-4F24-9CB5-9A01875EA7B8}.Debug|iPhoneSimulator.ActiveCfg = Debug|Any CPU
		{BEA63887-69D4-4F24-9CB5-9A01875EA7B8}.Debug|iPhoneSimulator.Build.0 = Debug|Any CPU
		{BEA63887-69D4-4F24-9CB5-9A01875EA7B8}.Release|Any CPU.ActiveCfg = Release|Any CPU
		{BEA63887-69D4-4F24-9CB5-9A01875EA7B8}.Release|Any CPU.Build.0 = Release|Any CPU
		{BEA63887-69D4-4F24-9CB5-9A01875EA7B8}.Release|iPhone.ActiveCfg = Release|Any CPU
		{BEA63887-69D4-4F24-9CB5-9A01875EA7B8}.Release|iPhone.Build.0 = Release|Any CPU
		{BEA63887-69D4-4F24-9CB5-9A01875EA7B8}.Release|iPhoneSimulator.ActiveCfg = Release|Any CPU
		{BEA63887-69D4-4F24-9CB5-9A01875EA7B8}.Release|iPhoneSimulator.Build.0 = Release|Any CPU
	EndGlobalSection
	GlobalSection(SolutionProperties) = preSolution
		HideSolutionNode = FALSE
	EndGlobalSection
	GlobalSection(ExtensibilityGlobals) = postSolution
		SolutionGuid = {1674B625-EFFA-4115-86D6-3A0AA89A4B69}
	EndGlobalSection
EndGlobal
